
Microsoft Visual Studio Solution File, Format Version 12.00
# Visual Studio Version 17
VisualStudioVersion = 17.0.32014.148
MinimumVisualStudioVersion = 10.0.40219.1
Project("{FAE04EC0-301F-11D3-BF4B-00C04F79EFBC}") = "Task08", "Task08\Task08.csproj", "{5D5D3CED-EC37-42B2-BA48-BEEDEB9AD145}"
EndProject
Global
	GlobalSection(SolutionConfigurationPlatforms) = preSolution
		Debug|Any CPU = Debug|Any CPU
		Release|Any CPU = Release|Any CPU
	EndGlobalSection
	GlobalSection(ProjectConfigurationPlatforms) = postSolution
		{5D5D3CED-EC37-42B2-BA48-BEEDEB9AD145}.Debug|Any CPU.ActiveCfg = Debug|Any CPU
		{5D5D3CED-EC37-42B2-BA48-BEEDEB9AD145}.Debug|Any CPU.Build.0 = Debug|Any CPU
		{5D5D3CED-EC37-42B2-BA48-BEEDEB9AD145}.Release|Any CPU.ActiveCfg = Release|Any CPU
		{5D5D3CED-EC37-42B2-BA48-BEEDEB9AD145}.Release|Any CPU.Build.0 = Release|Any CPU
	EndGlobalSection
	GlobalSection(SolutionProperties) = preSolution
		HideSolutionNode = FALSE
	EndGlobalSection
	GlobalSection(ExtensibilityGlobals) = postSolution
		SolutionGuid = {2429A15D-C600-4501-AEB8-948060A3B8C5}
	EndGlobalSection
EndGlobal
