
Microsoft Visual Studio Solution File, Format Version 12.00
# Visual Studio Version 17
VisualStudioVersion = 17.0.32014.148
MinimumVisualStudioVersion = 10.0.40219.1
Project("{FAE04EC0-301F-11D3-BF4B-00C04F79EFBC}") = "vurma_cedveli", "vurma_cedveli\vurma_cedveli.csproj", "{57072E08-9849-4AD1-B64C-D6C905FC4DCB}"
EndProject
Global
	GlobalSection(SolutionConfigurationPlatforms) = preSolution
		Debug|Any CPU = Debug|Any CPU
		Release|Any CPU = Release|Any CPU
	EndGlobalSection
	GlobalSection(ProjectConfigurationPlatforms) = postSolution
		{57072E08-9849-4AD1-B64C-D6C905FC4DCB}.Debug|Any CPU.ActiveCfg = Debug|Any CPU
		{57072E08-9849-4AD1-B64C-D6C905FC4DCB}.Debug|Any CPU.Build.0 = Debug|Any CPU
		{57072E08-9849-4AD1-B64C-D6C905FC4DCB}.Release|Any CPU.ActiveCfg = Release|Any CPU
		{57072E08-9849-4AD1-B64C-D6C905FC4DCB}.Release|Any CPU.Build.0 = Release|Any CPU
	EndGlobalSection
	GlobalSection(SolutionProperties) = preSolution
		HideSolutionNode = FALSE
	EndGlobalSection
	GlobalSection(ExtensibilityGlobals) = postSolution
		SolutionGuid = {AC7665D1-E7BB-4C40-8A5B-787D9ED9A485}
	EndGlobalSection
EndGlobal
