
Microsoft Visual Studio Solution File, Format Version 12.00
# Visual Studio Version 17
VisualStudioVersion = 17.0.32014.148
MinimumVisualStudioVersion = 10.0.40219.1
Project("{FAE04EC0-301F-11D3-BF4B-00C04F79EFBC}") = "Task", "Task\Task.csproj", "{F7B4AED0-E5E6-4077-A700-E91227BE5438}"
EndProject
Global
	GlobalSection(SolutionConfigurationPlatforms) = preSolution
		Debug|Any CPU = Debug|Any CPU
		Release|Any CPU = Release|Any CPU
	EndGlobalSection
	GlobalSection(ProjectConfigurationPlatforms) = postSolution
		{F7B4AED0-E5E6-4077-A700-E91227BE5438}.Debug|Any CPU.ActiveCfg = Debug|Any CPU
		{F7B4AED0-E5E6-4077-A700-E91227BE5438}.Debug|Any CPU.Build.0 = Debug|Any CPU
		{F7B4AED0-E5E6-4077-A700-E91227BE5438}.Release|Any CPU.ActiveCfg = Release|Any CPU
		{F7B4AED0-E5E6-4077-A700-E91227BE5438}.Release|Any CPU.Build.0 = Release|Any CPU
	EndGlobalSection
	GlobalSection(SolutionProperties) = preSolution
		HideSolutionNode = FALSE
	EndGlobalSection
	GlobalSection(ExtensibilityGlobals) = postSolution
		SolutionGuid = {3E8172A5-54C8-4FC0-9A24-1F680803168D}
	EndGlobalSection
EndGlobal
