
Microsoft Visual Studio Solution File, Format Version 12.00
# Visual Studio Version 17
VisualStudioVersion = 17.0.32014.148
MinimumVisualStudioVersion = 10.0.40219.1
Project("{FAE04EC0-301F-11D3-BF4B-00C04F79EFBC}") = "Task03", "Task03\Task03.csproj", "{3BD56EB3-B612-4D7C-957C-49AB337B5373}"
EndProject
Global
	GlobalSection(SolutionConfigurationPlatforms) = preSolution
		Debug|Any CPU = Debug|Any CPU
		Release|Any CPU = Release|Any CPU
	EndGlobalSection
	GlobalSection(ProjectConfigurationPlatforms) = postSolution
		{3BD56EB3-B612-4D7C-957C-49AB337B5373}.Debug|Any CPU.ActiveCfg = Debug|Any CPU
		{3BD56EB3-B612-4D7C-957C-49AB337B5373}.Debug|Any CPU.Build.0 = Debug|Any CPU
		{3BD56EB3-B612-4D7C-957C-49AB337B5373}.Release|Any CPU.ActiveCfg = Release|Any CPU
		{3BD56EB3-B612-4D7C-957C-49AB337B5373}.Release|Any CPU.Build.0 = Release|Any CPU
	EndGlobalSection
	GlobalSection(SolutionProperties) = preSolution
		HideSolutionNode = FALSE
	EndGlobalSection
	GlobalSection(ExtensibilityGlobals) = postSolution
		SolutionGuid = {CD84E672-E113-4ABD-AB86-02F0C80BE632}
	EndGlobalSection
EndGlobal
