
Microsoft Visual Studio Solution File, Format Version 12.00
# Visual Studio Version 17
VisualStudioVersion = 17.0.32014.148
MinimumVisualStudioVersion = 10.0.40219.1
Project("{FAE04EC0-301F-11D3-BF4B-00C04F79EFBC}") = "task", "task\task.csproj", "{3785C5AD-B86C-4171-8620-2200138261FF}"
EndProject
Global
	GlobalSection(SolutionConfigurationPlatforms) = preSolution
		Debug|Any CPU = Debug|Any CPU
		Release|Any CPU = Release|Any CPU
	EndGlobalSection
	GlobalSection(ProjectConfigurationPlatforms) = postSolution
		{3785C5AD-B86C-4171-8620-2200138261FF}.Debug|Any CPU.ActiveCfg = Debug|Any CPU
		{3785C5AD-B86C-4171-8620-2200138261FF}.Debug|Any CPU.Build.0 = Debug|Any CPU
		{3785C5AD-B86C-4171-8620-2200138261FF}.Release|Any CPU.ActiveCfg = Release|Any CPU
		{3785C5AD-B86C-4171-8620-2200138261FF}.Release|Any CPU.Build.0 = Release|Any CPU
	EndGlobalSection
	GlobalSection(SolutionProperties) = preSolution
		HideSolutionNode = FALSE
	EndGlobalSection
	GlobalSection(ExtensibilityGlobals) = postSolution
		SolutionGuid = {39B8687D-0D72-438C-A87D-759383030E3D}
	EndGlobalSection
EndGlobal
