
Microsoft Visual Studio Solution File, Format Version 12.00
# Visual Studio Version 17
VisualStudioVersion = 17.0.32014.148
MinimumVisualStudioVersion = 10.0.40219.1
Project("{FAE04EC0-301F-11D3-BF4B-00C04F79EFBC}") = "Algoritm", "Algoritm\Algoritm.csproj", "{ACC64EAC-3FCF-4AAB-A7C0-2B6E6AE455C5}"
EndProject
Global
	GlobalSection(SolutionConfigurationPlatforms) = preSolution
		Debug|Any CPU = Debug|Any CPU
		Release|Any CPU = Release|Any CPU
	EndGlobalSection
	GlobalSection(ProjectConfigurationPlatforms) = postSolution
		{ACC64EAC-3FCF-4AAB-A7C0-2B6E6AE455C5}.Debug|Any CPU.ActiveCfg = Debug|Any CPU
		{ACC64EAC-3FCF-4AAB-A7C0-2B6E6AE455C5}.Debug|Any CPU.Build.0 = Debug|Any CPU
		{ACC64EAC-3FCF-4AAB-A7C0-2B6E6AE455C5}.Release|Any CPU.ActiveCfg = Release|Any CPU
		{ACC64EAC-3FCF-4AAB-A7C0-2B6E6AE455C5}.Release|Any CPU.Build.0 = Release|Any CPU
	EndGlobalSection
	GlobalSection(SolutionProperties) = preSolution
		HideSolutionNode = FALSE
	EndGlobalSection
	GlobalSection(ExtensibilityGlobals) = postSolution
		SolutionGuid = {DCA95C77-77C1-4E61-84AB-3B39B3FBDD65}
	EndGlobalSection
EndGlobal
