
Microsoft Visual Studio Solution File, Format Version 12.00
# Visual Studio Version 17
VisualStudioVersion = 17.0.32014.148
MinimumVisualStudioVersion = 10.0.40219.1
Project("{FAE04EC0-301F-11D3-BF4B-00C04F79EFBC}") = "Ref_out", "Ref_out\Ref_out.csproj", "{0C5F25E7-CB94-4FD6-A18E-7243846E0CDD}"
EndProject
Global
	GlobalSection(SolutionConfigurationPlatforms) = preSolution
		Debug|Any CPU = Debug|Any CPU
		Release|Any CPU = Release|Any CPU
	EndGlobalSection
	GlobalSection(ProjectConfigurationPlatforms) = postSolution
		{0C5F25E7-CB94-4FD6-A18E-7243846E0CDD}.Debug|Any CPU.ActiveCfg = Debug|Any CPU
		{0C5F25E7-CB94-4FD6-A18E-7243846E0CDD}.Debug|Any CPU.Build.0 = Debug|Any CPU
		{0C5F25E7-CB94-4FD6-A18E-7243846E0CDD}.Release|Any CPU.ActiveCfg = Release|Any CPU
		{0C5F25E7-CB94-4FD6-A18E-7243846E0CDD}.Release|Any CPU.Build.0 = Release|Any CPU
	EndGlobalSection
	GlobalSection(SolutionProperties) = preSolution
		HideSolutionNode = FALSE
	EndGlobalSection
	GlobalSection(ExtensibilityGlobals) = postSolution
		SolutionGuid = {C5121F47-E9AC-4EFB-97C5-235D2830D9FC}
	EndGlobalSection
EndGlobal
