
Microsoft Visual Studio Solution File, Format Version 12.00
# Visual Studio Version 17
VisualStudioVersion = 17.0.32014.148
MinimumVisualStudioVersion = 10.0.40219.1
Project("{FAE04EC0-301F-11D3-BF4B-00C04F79EFBC}") = "String_methods", "String_methods\String_methods.csproj", "{84E4241A-C55F-4793-AF51-35245A2C4222}"
EndProject
Global
	GlobalSection(SolutionConfigurationPlatforms) = preSolution
		Debug|Any CPU = Debug|Any CPU
		Release|Any CPU = Release|Any CPU
	EndGlobalSection
	GlobalSection(ProjectConfigurationPlatforms) = postSolution
		{84E4241A-C55F-4793-AF51-35245A2C4222}.Debug|Any CPU.ActiveCfg = Debug|Any CPU
		{84E4241A-C55F-4793-AF51-35245A2C4222}.Debug|Any CPU.Build.0 = Debug|Any CPU
		{84E4241A-C55F-4793-AF51-35245A2C4222}.Release|Any CPU.ActiveCfg = Release|Any CPU
		{84E4241A-C55F-4793-AF51-35245A2C4222}.Release|Any CPU.Build.0 = Release|Any CPU
	EndGlobalSection
	GlobalSection(SolutionProperties) = preSolution
		HideSolutionNode = FALSE
	EndGlobalSection
	GlobalSection(ExtensibilityGlobals) = postSolution
		SolutionGuid = {2A3F2D47-6202-4765-AD30-322475BD31A3}
	EndGlobalSection
EndGlobal
