
Microsoft Visual Studio Solution File, Format Version 12.00
# Visual Studio Version 17
VisualStudioVersion = 17.0.32014.148
MinimumVisualStudioVersion = 10.0.40219.1
Project("{FAE04EC0-301F-11D3-BF4B-00C04F79EFBC}") = "Ref_out_example", "Ref_out_example\Ref_out_example.csproj", "{32B33C28-652D-4D23-A34F-B2FC0451B0F6}"
EndProject
Global
	GlobalSection(SolutionConfigurationPlatforms) = preSolution
		Debug|Any CPU = Debug|Any CPU
		Release|Any CPU = Release|Any CPU
	EndGlobalSection
	GlobalSection(ProjectConfigurationPlatforms) = postSolution
		{32B33C28-652D-4D23-A34F-B2FC0451B0F6}.Debug|Any CPU.ActiveCfg = Debug|Any CPU
		{32B33C28-652D-4D23-A34F-B2FC0451B0F6}.Debug|Any CPU.Build.0 = Debug|Any CPU
		{32B33C28-652D-4D23-A34F-B2FC0451B0F6}.Release|Any CPU.ActiveCfg = Release|Any CPU
		{32B33C28-652D-4D23-A34F-B2FC0451B0F6}.Release|Any CPU.Build.0 = Release|Any CPU
	EndGlobalSection
	GlobalSection(SolutionProperties) = preSolution
		HideSolutionNode = FALSE
	EndGlobalSection
	GlobalSection(ExtensibilityGlobals) = postSolution
		SolutionGuid = {14278BE4-F2BB-4AF1-9AF9-4D5DD4944042}
	EndGlobalSection
EndGlobal
