
Microsoft Visual Studio Solution File, Format Version 12.00
# Visual Studio Version 17
VisualStudioVersion = 17.0.32014.148
MinimumVisualStudioVersion = 10.0.40219.1
Project("{FAE04EC0-301F-11D3-BF4B-00C04F79EFBC}") = "Task01", "Task01\Task01.csproj", "{A9053AC2-5F16-4356-8695-517D589B689C}"
EndProject
Global
	GlobalSection(SolutionConfigurationPlatforms) = preSolution
		Debug|Any CPU = Debug|Any CPU
		Release|Any CPU = Release|Any CPU
	EndGlobalSection
	GlobalSection(ProjectConfigurationPlatforms) = postSolution
		{A9053AC2-5F16-4356-8695-517D589B689C}.Debug|Any CPU.ActiveCfg = Debug|Any CPU
		{A9053AC2-5F16-4356-8695-517D589B689C}.Debug|Any CPU.Build.0 = Debug|Any CPU
		{A9053AC2-5F16-4356-8695-517D589B689C}.Release|Any CPU.ActiveCfg = Release|Any CPU
		{A9053AC2-5F16-4356-8695-517D589B689C}.Release|Any CPU.Build.0 = Release|Any CPU
	EndGlobalSection
	GlobalSection(SolutionProperties) = preSolution
		HideSolutionNode = FALSE
	EndGlobalSection
	GlobalSection(ExtensibilityGlobals) = postSolution
		SolutionGuid = {6C24E3C2-21BE-4196-8200-9B6BBEC37337}
	EndGlobalSection
EndGlobal
