
Microsoft Visual Studio Solution File, Format Version 12.00
# Visual Studio Version 17
VisualStudioVersion = 17.0.32014.148
MinimumVisualStudioVersion = 10.0.40219.1
Project("{FAE04EC0-301F-11D3-BF4B-00C04F79EFBC}") = "Task", "Task\Task.csproj", "{EFF29974-5F4A-4306-BC4E-A26C093D1F10}"
EndProject
Global
	GlobalSection(SolutionConfigurationPlatforms) = preSolution
		Debug|Any CPU = Debug|Any CPU
		Release|Any CPU = Release|Any CPU
	EndGlobalSection
	GlobalSection(ProjectConfigurationPlatforms) = postSolution
		{EFF29974-5F4A-4306-BC4E-A26C093D1F10}.Debug|Any CPU.ActiveCfg = Debug|Any CPU
		{EFF29974-5F4A-4306-BC4E-A26C093D1F10}.Debug|Any CPU.Build.0 = Debug|Any CPU
		{EFF29974-5F4A-4306-BC4E-A26C093D1F10}.Release|Any CPU.ActiveCfg = Release|Any CPU
		{EFF29974-5F4A-4306-BC4E-A26C093D1F10}.Release|Any CPU.Build.0 = Release|Any CPU
	EndGlobalSection
	GlobalSection(SolutionProperties) = preSolution
		HideSolutionNode = FALSE
	EndGlobalSection
	GlobalSection(ExtensibilityGlobals) = postSolution
		SolutionGuid = {60F6B11A-51BD-41FB-B153-98650DB996B4}
	EndGlobalSection
EndGlobal
