
Microsoft Visual Studio Solution File, Format Version 12.00
# Visual Studio Version 17
VisualStudioVersion = 17.0.32014.148
MinimumVisualStudioVersion = 10.0.40219.1
Project("{FAE04EC0-301F-11D3-BF4B-00C04F79EFBC}") = "List", "List\List.csproj", "{56C7E0B6-4D77-4501-8EA2-B37A83784F5A}"
EndProject
Global
	GlobalSection(SolutionConfigurationPlatforms) = preSolution
		Debug|Any CPU = Debug|Any CPU
		Release|Any CPU = Release|Any CPU
	EndGlobalSection
	GlobalSection(ProjectConfigurationPlatforms) = postSolution
		{56C7E0B6-4D77-4501-8EA2-B37A83784F5A}.Debug|Any CPU.ActiveCfg = Debug|Any CPU
		{56C7E0B6-4D77-4501-8EA2-B37A83784F5A}.Debug|Any CPU.Build.0 = Debug|Any CPU
		{56C7E0B6-4D77-4501-8EA2-B37A83784F5A}.Release|Any CPU.ActiveCfg = Release|Any CPU
		{56C7E0B6-4D77-4501-8EA2-B37A83784F5A}.Release|Any CPU.Build.0 = Release|Any CPU
	EndGlobalSection
	GlobalSection(SolutionProperties) = preSolution
		HideSolutionNode = FALSE
	EndGlobalSection
	GlobalSection(ExtensibilityGlobals) = postSolution
		SolutionGuid = {08AE285C-F2AF-4F4B-9BA9-F529BA66E4EB}
	EndGlobalSection
EndGlobal
