
Microsoft Visual Studio Solution File, Format Version 12.00
# Visual Studio Version 17
VisualStudioVersion = 17.0.32014.148
MinimumVisualStudioVersion = 10.0.40219.1
Project("{FAE04EC0-301F-11D3-BF4B-00C04F79EFBC}") = "winform", "winform\winform.csproj", "{0573417D-6623-4975-9BCA-C29C790F6407}"
EndProject
Global
	GlobalSection(SolutionConfigurationPlatforms) = preSolution
		Debug|Any CPU = Debug|Any CPU
		Release|Any CPU = Release|Any CPU
	EndGlobalSection
	GlobalSection(ProjectConfigurationPlatforms) = postSolution
		{0573417D-6623-4975-9BCA-C29C790F6407}.Debug|Any CPU.ActiveCfg = Debug|Any CPU
		{0573417D-6623-4975-9BCA-C29C790F6407}.Debug|Any CPU.Build.0 = Debug|Any CPU
		{0573417D-6623-4975-9BCA-C29C790F6407}.Release|Any CPU.ActiveCfg = Release|Any CPU
		{0573417D-6623-4975-9BCA-C29C790F6407}.Release|Any CPU.Build.0 = Release|Any CPU
	EndGlobalSection
	GlobalSection(SolutionProperties) = preSolution
		HideSolutionNode = FALSE
	EndGlobalSection
	GlobalSection(ExtensibilityGlobals) = postSolution
		SolutionGuid = {C05AD8F1-6568-4120-B49D-494875D02BCE}
	EndGlobalSection
EndGlobal
